
Microsoft Visual Studio Solution File, Format Version 12.00
# Visual Studio Version 17
VisualStudioVersion = 17.0.31903.59
MinimumVisualStudioVersion = 10.0.40219.1
Project("{2150E333-8FDC-42A3-9474-1A3956D46DE8}") = "1.Core", "1.Core", "{E91669BB-B734-8E03-690B-FF5543689634}"
EndProject
Project("{FAE04EC0-301F-11D3-BF4B-00C04F79EFBC}") = "BakerySystem.Domain", "src\1.Core\BakerySystem.Domain\BakerySystem.Domain.csproj", "{50C62F00-BCA6-4047-8CD2-D647B0A3FCD0}"
EndProject
Project("{FAE04EC0-301F-11D3-BF4B-00C04F79EFBC}") = "BakerySystem.Shared", "src\1.Core\BakerySystem.Shared\BakerySystem.Shared.csproj", "{F024AB7E-97FA-4149-A20F-8DC372E5AE9D}"
EndProject
Project("{2150E333-8FDC-42A3-9474-1A3956D46DE8}") = "2.Application", "2.Application", "{E571D462-F66C-64C5-BCED-56A0622E8DEC}"
EndProject
Project("{FAE04EC0-301F-11D3-BF4B-00C04F79EFBC}") = "BakerySystem.Application", "src\2.Application\BakerySystem.Application\BakerySystem.Application.csproj", "{7AC82ADD-F7EC-4083-A061-DB00FF65B2A8}"
EndProject
Project("{2150E333-8FDC-42A3-9474-1A3956D46DE8}") = "3.Infrastructure", "3.Infrastructure", "{24F7C93C-B558-0D02-8E6E-B647D4EFDAA1}"
EndProject
Project("{FAE04EC0-301F-11D3-BF4B-00C04F79EFBC}") = "BakerySystem.Infrastructure", "src\3.Infrastructure\BakerySystem.Infrastructure\BakerySystem.Infrastructure.csproj", "{02F5D61C-A82D-4F81-9DEE-A1B67D23A86E}"
EndProject
Project("{FAE04EC0-301F-11D3-BF4B-00C04F79EFBC}") = "BakerySystem.Integration", "src\3.Infrastructure\BakerySystem.Integration\BakerySystem.Integration.csproj", "{92FF3AC6-4DD6-496E-974C-E1531B6A638D}"
EndProject
Project("{2150E333-8FDC-42A3-9474-1A3956D46DE8}") = "4.API", "4.API", "{F328A832-973C-8D3F-ACAF-650511F0915A}"
EndProject
Project("{FAE04EC0-301F-11D3-BF4B-00C04F79EFBC}") = "BakerySystem.API", "src\4.API\BakerySystem.API\BakerySystem.API.csproj", "{42A3434D-DD18-442F-8FE4-ACA7677BD1C6}"
EndProject
Project("{2150E333-8FDC-42A3-9474-1A3956D46DE8}") = "5.Presentation", "5.Presentation", "{CF380CD0-6FF3-7929-2624-84F4F7F75C7C}"
EndProject
Project("{FAE04EC0-301F-11D3-BF4B-00C04F79EFBC}") = "BakerySystem.MobileApp", "src\5.Presentation\BakerySystem.MobileApp\BakerySystem.MobileApp.csproj", "{354DB4F1-6823-472D-8969-A30D67A009D6}"
EndProject
Project("{FAE04EC0-301F-11D3-BF4B-00C04F79EFBC}") = "BakerySystem.WebAdmin", "src\5.Presentation\BakerySystem.WebAdmin\BakerySystem.WebAdmin.csproj", "{2B60C6AC-D500-4C7A-9DED-826CBC6EAA83}"
EndProject
Global
	GlobalSection(SolutionConfigurationPlatforms) = preSolution
		Debug|Any CPU = Debug|Any CPU
		Debug|x64 = Debug|x64
		Debug|x86 = Debug|x86
		Release|Any CPU = Release|Any CPU
		Release|x64 = Release|x64
		Release|x86 = Release|x86
	EndGlobalSection
	GlobalSection(ProjectConfigurationPlatforms) = postSolution
		{50C62F00-BCA6-4047-8CD2-D647B0A3FCD0}.Debug|Any CPU.ActiveCfg = Debug|Any CPU
		{50C62F00-BCA6-4047-8CD2-D647B0A3FCD0}.Debug|Any CPU.Build.0 = Debug|Any CPU
		{50C62F00-BCA6-4047-8CD2-D647B0A3FCD0}.Debug|x64.ActiveCfg = Debug|Any CPU
		{50C62F00-BCA6-4047-8CD2-D647B0A3FCD0}.Debug|x64.Build.0 = Debug|Any CPU
		{50C62F00-BCA6-4047-8CD2-D647B0A3FCD0}.Debug|x86.ActiveCfg = Debug|Any CPU
		{50C62F00-BCA6-4047-8CD2-D647B0A3FCD0}.Debug|x86.Build.0 = Debug|Any CPU
		{50C62F00-BCA6-4047-8CD2-D647B0A3FCD0}.Release|Any CPU.ActiveCfg = Release|Any CPU
		{50C62F00-BCA6-4047-8CD2-D647B0A3FCD0}.Release|Any CPU.Build.0 = Release|Any CPU
		{50C62F00-BCA6-4047-8CD2-D647B0A3FCD0}.Release|x64.ActiveCfg = Release|Any CPU
		{50C62F00-BCA6-4047-8CD2-D647B0A3FCD0}.Release|x64.Build.0 = Release|Any CPU
		{50C62F00-BCA6-4047-8CD2-D647B0A3FCD0}.Release|x86.ActiveCfg = Release|Any CPU
		{50C62F00-BCA6-4047-8CD2-D647B0A3FCD0}.Release|x86.Build.0 = Release|Any CPU
		{F024AB7E-97FA-4149-A20F-8DC372E5AE9D}.Debug|Any CPU.ActiveCfg = Debug|Any CPU
		{F024AB7E-97FA-4149-A20F-8DC372E5AE9D}.Debug|Any CPU.Build.0 = Debug|Any CPU
		{F024AB7E-97FA-4149-A20F-8DC372E5AE9D}.Debug|x64.ActiveCfg = Debug|Any CPU
		{F024AB7E-97FA-4149-A20F-8DC372E5AE9D}.Debug|x64.Build.0 = Debug|Any CPU
		{F024AB7E-97FA-4149-A20F-8DC372E5AE9D}.Debug|x86.ActiveCfg = Debug|Any CPU
		{F024AB7E-97FA-4149-A20F-8DC372E5AE9D}.Debug|x86.Build.0 = Debug|Any CPU
		{F024AB7E-97FA-4149-A20F-8DC372E5AE9D}.Release|Any CPU.ActiveCfg = Release|Any CPU
		{F024AB7E-97FA-4149-A20F-8DC372E5AE9D}.Release|Any CPU.Build.0 = Release|Any CPU
		{F024AB7E-97FA-4149-A20F-8DC372E5AE9D}.Release|x64.ActiveCfg = Release|Any CPU
		{F024AB7E-97FA-4149-A20F-8DC372E5AE9D}.Release|x64.Build.0 = Release|Any CPU
		{F024AB7E-97FA-4149-A20F-8DC372E5AE9D}.Release|x86.ActiveCfg = Release|Any CPU
		{F024AB7E-97FA-4149-A20F-8DC372E5AE9D}.Release|x86.Build.0 = Release|Any CPU
		{7AC82ADD-F7EC-4083-A061-DB00FF65B2A8}.Debug|Any CPU.ActiveCfg = Debug|Any CPU
		{7AC82ADD-F7EC-4083-A061-DB00FF65B2A8}.Debug|Any CPU.Build.0 = Debug|Any CPU
		{7AC82ADD-F7EC-4083-A061-DB00FF65B2A8}.Debug|x64.ActiveCfg = Debug|Any CPU
		{7AC82ADD-F7EC-4083-A061-DB00FF65B2A8}.Debug|x64.Build.0 = Debug|Any CPU
		{7AC82ADD-F7EC-4083-A061-DB00FF65B2A8}.Debug|x86.ActiveCfg = Debug|Any CPU
		{7AC82ADD-F7EC-4083-A061-DB00FF65B2A8}.Debug|x86.Build.0 = Debug|Any CPU
		{7AC82ADD-F7EC-4083-A061-DB00FF65B2A8}.Release|Any CPU.ActiveCfg = Release|Any CPU
		{7AC82ADD-F7EC-4083-A061-DB00FF65B2A8}.Release|Any CPU.Build.0 = Release|Any CPU
		{7AC82ADD-F7EC-4083-A061-DB00FF65B2A8}.Release|x64.ActiveCfg = Release|Any CPU
		{7AC82ADD-F7EC-4083-A061-DB00FF65B2A8}.Release|x64.Build.0 = Release|Any CPU
		{7AC82ADD-F7EC-4083-A061-DB00FF65B2A8}.Release|x86.ActiveCfg = Release|Any CPU
		{7AC82ADD-F7EC-4083-A061-DB00FF65B2A8}.Release|x86.Build.0 = Release|Any CPU
		{02F5D61C-A82D-4F81-9DEE-A1B67D23A86E}.Debug|Any CPU.ActiveCfg = Debug|Any CPU
		{02F5D61C-A82D-4F81-9DEE-A1B67D23A86E}.Debug|Any CPU.Build.0 = Debug|Any CPU
		{02F5D61C-A82D-4F81-9DEE-A1B67D23A86E}.Debug|x64.ActiveCfg = Debug|Any CPU
		{02F5D61C-A82D-4F81-9DEE-A1B67D23A86E}.Debug|x64.Build.0 = Debug|Any CPU
		{02F5D61C-A82D-4F81-9DEE-A1B67D23A86E}.Debug|x86.ActiveCfg = Debug|Any CPU
		{02F5D61C-A82D-4F81-9DEE-A1B67D23A86E}.Debug|x86.Build.0 = Debug|Any CPU
		{02F5D61C-A82D-4F81-9DEE-A1B67D23A86E}.Release|Any CPU.ActiveCfg = Release|Any CPU
		{02F5D61C-A82D-4F81-9DEE-A1B67D23A86E}.Release|Any CPU.Build.0 = Release|Any CPU
		{02F5D61C-A82D-4F81-9DEE-A1B67D23A86E}.Release|x64.ActiveCfg = Release|Any CPU
		{02F5D61C-A82D-4F81-9DEE-A1B67D23A86E}.Release|x64.Build.0 = Release|Any CPU
		{02F5D61C-A82D-4F81-9DEE-A1B67D23A86E}.Release|x86.ActiveCfg = Release|Any CPU
		{02F5D61C-A82D-4F81-9DEE-A1B67D23A86E}.Release|x86.Build.0 = Release|Any CPU
		{92FF3AC6-4DD6-496E-974C-E1531B6A638D}.Debug|Any CPU.ActiveCfg = Debug|Any CPU
		{92FF3AC6-4DD6-496E-974C-E1531B6A638D}.Debug|Any CPU.Build.0 = Debug|Any CPU
		{92FF3AC6-4DD6-496E-974C-E1531B6A638D}.Debug|x64.ActiveCfg = Debug|Any CPU
		{92FF3AC6-4DD6-496E-974C-E1531B6A638D}.Debug|x64.Build.0 = Debug|Any CPU
		{92FF3AC6-4DD6-496E-974C-E1531B6A638D}.Debug|x86.ActiveCfg = Debug|Any CPU
		{92FF3AC6-4DD6-496E-974C-E1531B6A638D}.Debug|x86.Build.0 = Debug|Any CPU
		{92FF3AC6-4DD6-496E-974C-E1531B6A638D}.Release|Any CPU.ActiveCfg = Release|Any CPU
		{92FF3AC6-4DD6-496E-974C-E1531B6A638D}.Release|Any CPU.Build.0 = Release|Any CPU
		{92FF3AC6-4DD6-496E-974C-E1531B6A638D}.Release|x64.ActiveCfg = Release|Any CPU
		{92FF3AC6-4DD6-496E-974C-E1531B6A638D}.Release|x64.Build.0 = Release|Any CPU
		{92FF3AC6-4DD6-496E-974C-E1531B6A638D}.Release|x86.ActiveCfg = Release|Any CPU
		{92FF3AC6-4DD6-496E-974C-E1531B6A638D}.Release|x86.Build.0 = Release|Any CPU
		{42A3434D-DD18-442F-8FE4-ACA7677BD1C6}.Debug|Any CPU.ActiveCfg = Debug|Any CPU
		{42A3434D-DD18-442F-8FE4-ACA7677BD1C6}.Debug|Any CPU.Build.0 = Debug|Any CPU
		{42A3434D-DD18-442F-8FE4-ACA7677BD1C6}.Debug|x64.ActiveCfg = Debug|Any CPU
		{42A3434D-DD18-442F-8FE4-ACA7677BD1C6}.Debug|x64.Build.0 = Debug|Any CPU
		{42A3434D-DD18-442F-8FE4-ACA7677BD1C6}.Debug|x86.ActiveCfg = Debug|Any CPU
		{42A3434D-DD18-442F-8FE4-ACA7677BD1C6}.Debug|x86.Build.0 = Debug|Any CPU
		{42A3434D-DD18-442F-8FE4-ACA7677BD1C6}.Release|Any CPU.ActiveCfg = Release|Any CPU
		{42A3434D-DD18-442F-8FE4-ACA7677BD1C6}.Release|Any CPU.Build.0 = Release|Any CPU
		{42A3434D-DD18-442F-8FE4-ACA7677BD1C6}.Release|x64.ActiveCfg = Release|Any CPU
		{42A3434D-DD18-442F-8FE4-ACA7677BD1C6}.Release|x64.Build.0 = Release|Any CPU
		{42A3434D-DD18-442F-8FE4-ACA7677BD1C6}.Release|x86.ActiveCfg = Release|Any CPU
		{42A3434D-DD18-442F-8FE4-ACA7677BD1C6}.Release|x86.Build.0 = Release|Any CPU
		{354DB4F1-6823-472D-8969-A30D67A009D6}.Debug|Any CPU.ActiveCfg = Debug|Any CPU
		{354DB4F1-6823-472D-8969-A30D67A009D6}.Debug|Any CPU.Build.0 = Debug|Any CPU
		{354DB4F1-6823-472D-8969-A30D67A009D6}.Debug|x64.ActiveCfg = Debug|Any CPU
		{354DB4F1-6823-472D-8969-A30D67A009D6}.Debug|x64.Build.0 = Debug|Any CPU
		{354DB4F1-6823-472D-8969-A30D67A009D6}.Debug|x86.ActiveCfg = Debug|Any CPU
		{354DB4F1-6823-472D-8969-A30D67A009D6}.Debug|x86.Build.0 = Debug|Any CPU
		{354DB4F1-6823-472D-8969-A30D67A009D6}.Release|Any CPU.ActiveCfg = Release|Any CPU
		{354DB4F1-6823-472D-8969-A30D67A009D6}.Release|Any CPU.Build.0 = Release|Any CPU
		{354DB4F1-6823-472D-8969-A30D67A009D6}.Release|x64.ActiveCfg = Release|Any CPU
		{354DB4F1-6823-472D-8969-A30D67A009D6}.Release|x64.Build.0 = Release|Any CPU
		{354DB4F1-6823-472D-8969-A30D67A009D6}.Release|x86.ActiveCfg = Release|Any CPU
		{354DB4F1-6823-472D-8969-A30D67A009D6}.Release|x86.Build.0 = Release|Any CPU
		{2B60C6AC-D500-4C7A-9DED-826CBC6EAA83}.Debug|Any CPU.ActiveCfg = Debug|Any CPU
		{2B60C6AC-D500-4C7A-9DED-826CBC6EAA83}.Debug|Any CPU.Build.0 = Debug|Any CPU
		{2B60C6AC-D500-4C7A-9DED-826CBC6EAA83}.Debug|x64.ActiveCfg = Debug|Any CPU
		{2B60C6AC-D500-4C7A-9DED-826CBC6EAA83}.Debug|x64.Build.0 = Debug|Any CPU
		{2B60C6AC-D500-4C7A-9DED-826CBC6EAA83}.Debug|x86.ActiveCfg = Debug|Any CPU
		{2B60C6AC-D500-4C7A-9DED-826CBC6EAA83}.Debug|x86.Build.0 = Debug|Any CPU
		{2B60C6AC-D500-4C7A-9DED-826CBC6EAA83}.Release|Any CPU.ActiveCfg = Release|Any CPU
		{2B60C6AC-D500-4C7A-9DED-826CBC6EAA83}.Release|Any CPU.Build.0 = Release|Any CPU
		{2B60C6AC-D500-4C7A-9DED-826CBC6EAA83}.Release|x64.ActiveCfg = Release|Any CPU
		{2B60C6AC-D500-4C7A-9DED-826CBC6EAA83}.Release|x64.Build.0 = Release|Any CPU
		{2B60C6AC-D500-4C7A-9DED-826CBC6EAA83}.Release|x86.ActiveCfg = Release|Any CPU
		{2B60C6AC-D500-4C7A-9DED-826CBC6EAA83}.Release|x86.Build.0 = Release|Any CPU
	EndGlobalSection
	GlobalSection(SolutionProperties) = preSolution
		HideSolutionNode = FALSE
	EndGlobalSection
	GlobalSection(NestedProjects) = preSolution
		{50C62F00-BCA6-4047-8CD2-D647B0A3FCD0} = {E91669BB-B734-8E03-690B-FF5543689634}
		{F024AB7E-97FA-4149-A20F-8DC372E5AE9D} = {E91669BB-B734-8E03-690B-FF5543689634}
		{7AC82ADD-F7EC-4083-A061-DB00FF65B2A8} = {E571D462-F66C-64C5-BCED-56A0622E8DEC}
		{02F5D61C-A82D-4F81-9DEE-A1B67D23A86E} = {24F7C93C-B558-0D02-8E6E-B647D4EFDAA1}
		{92FF3AC6-4DD6-496E-974C-E1531B6A638D} = {24F7C93C-B558-0D02-8E6E-B647D4EFDAA1}
		{42A3434D-DD18-442F-8FE4-ACA7677BD1C6} = {F328A832-973C-8D3F-ACAF-650511F0915A}
		{354DB4F1-6823-472D-8969-A30D67A009D6} = {CF380CD0-6FF3-7929-2624-84F4F7F75C7C}
		{2B60C6AC-D500-4C7A-9DED-826CBC6EAA83} = {CF380CD0-6FF3-7929-2624-84F4F7F75C7C}
	EndGlobalSection
EndGlobal
